// !$*UTF8*$!
{
	archiveVersion = 1;
	classes = {
	};
	objectVersion = 56;
	objects = {

/* Begin PBXBuildFile section */
		02BFC734293FBB6700493A4A /* AppDelegate.swift in Sources */ = {isa = PBXBuildFile; fileRef = 02BFC733293FBB6700493A4A /* AppDelegate.swift */; };
		02BFC736293FBB6700493A4A /* SceneDelegate.swift in Sources */ = {isa = PBXBuildFile; fileRef = 02BFC735293FBB6700493A4A /* SceneDelegate.swift */; };
		02BFC738293FBB6700493A4A /* MainViewController.swift in Sources */ = {isa = PBXBuildFile; fileRef = 02BFC737293FBB6700493A4A /* MainViewController.swift */; };
		02BFC73B293FBB6700493A4A /* Main.storyboard in Resources */ = {isa = PBXBuildFile; fileRef = 02BFC739293FBB6700493A4A /* Main.storyboard */; };
		02BFC73D293FBB6800493A4A /* Assets.xcassets in Resources */ = {isa = PBXBuildFile; fileRef = 02BFC73C293FBB6800493A4A /* Assets.xcassets */; };
		02BFC740293FBB6800493A4A /* LaunchScreen.storyboard in Resources */ = {isa = PBXBuildFile; fileRef = 02BFC73E293FBB6800493A4A /* LaunchScreen.storyboard */; };
		02BFC74B293FBB6800493A4A /* Test_Technique_BahaTests.swift in Sources */ = {isa = PBXBuildFile; fileRef = 02BFC74A293FBB6800493A4A /* Test_Technique_BahaTests.swift */; };
		02BFC755293FBB6800493A4A /* Test_Technique_BahaUITests.swift in Sources */ = {isa = PBXBuildFile; fileRef = 02BFC754293FBB6800493A4A /* Test_Technique_BahaUITests.swift */; };
		02BFC757293FBB6800493A4A /* Test_Technique_BahaUITestsLaunchTests.swift in Sources */ = {isa = PBXBuildFile; fileRef = 02BFC756293FBB6800493A4A /* Test_Technique_BahaUITestsLaunchTests.swift */; };
		02BFC76A293FBE0600493A4A /* UIView+Extensions.swift in Sources */ = {isa = PBXBuildFile; fileRef = 02BFC769293FBE0600493A4A /* UIView+Extensions.swift */; };
		02BFC76C293FBEB200493A4A /* Constants.swift in Sources */ = {isa = PBXBuildFile; fileRef = 02BFC76B293FBEB200493A4A /* Constants.swift */; };
		02BFC76E293FBEFA00493A4A /* JetBrainModel.swift in Sources */ = {isa = PBXBuildFile; fileRef = 02BFC76D293FBEFA00493A4A /* JetBrainModel.swift */; };
		02BFC770293FBF2700493A4A /* JetBrainService.swift in Sources */ = {isa = PBXBuildFile; fileRef = 02BFC76F293FBF2700493A4A /* JetBrainService.swift */; };
		02BFC772293FC2AF00493A4A /* JetBrainListCell.swift in Sources */ = {isa = PBXBuildFile; fileRef = 02BFC771293FC2AF00493A4A /* JetBrainListCell.swift */; };
		2C062AB33D8E588FEC159322 /* Pods_Test_Technique_BahaTests.framework in Frameworks */ = {isa = PBXBuildFile; fileRef = C2439CD1AB7BF0EC03D65508 /* Pods_Test_Technique_BahaTests.framework */; };
		7C78E1B7C9FBCE79246A3959 /* Pods_Test_Technique_Baha.framework in Frameworks */ = {isa = PBXBuildFile; fileRef = 369F9CA99A387732F6E532B8 /* Pods_Test_Technique_Baha.framework */; };
		7F859C9733ADC799B0FC4ABB /* Pods_Test_Technique_Baha_Test_Technique_BahaUITests.framework in Frameworks */ = {isa = PBXBuildFile; fileRef = 800D182DC027055DF521CBA2 /* Pods_Test_Technique_Baha_Test_Technique_BahaUITests.framework */; };
/* End PBXBuildFile section */

/* Begin PBXContainerItemProxy section */
		02BFC747293FBB6800493A4A /* PBXContainerItemProxy */ = {
			isa = PBXContainerItemProxy;
			containerPortal = 02BFC728293FBB6700493A4A /* Project object */;
			proxyType = 1;
			remoteGlobalIDString = 02BFC72F293FBB6700493A4A;
			remoteInfo = "Test Technique Baha";
		};
		02BFC751293FBB6800493A4A /* PBXContainerItemProxy */ = {
			isa = PBXContainerItemProxy;
			containerPortal = 02BFC728293FBB6700493A4A /* Project object */;
			proxyType = 1;
			remoteGlobalIDString = 02BFC72F293FBB6700493A4A;
			remoteInfo = "Test Technique Baha";
		};
/* End PBXContainerItemProxy section */

/* Begin PBXFileReference section */
		02BFC730293FBB6700493A4A /* Test Technique Baha.app */ = {isa = PBXFileReference; explicitFileType = wrapper.application; includeInIndex = 0; path = "Test Technique Baha.app"; sourceTree = BUILT_PRODUCTS_DIR; };
		02BFC733293FBB6700493A4A /* AppDelegate.swift */ = {isa = PBXFileReference; lastKnownFileType = sourcecode.swift; path = AppDelegate.swift; sourceTree = "<group>"; };
		02BFC735293FBB6700493A4A /* SceneDelegate.swift */ = {isa = PBXFileReference; lastKnownFileType = sourcecode.swift; path = SceneDelegate.swift; sourceTree = "<group>"; };
		02BFC737293FBB6700493A4A /* MainViewController.swift */ = {isa = PBXFileReference; lastKnownFileType = sourcecode.swift; path = MainViewController.swift; sourceTree = "<group>"; };
		02BFC73A293FBB6700493A4A /* Base */ = {isa = PBXFileReference; lastKnownFileType = file.storyboard; name = Base; path = Base.lproj/Main.storyboard; sourceTree = "<group>"; };
		02BFC73C293FBB6800493A4A /* Assets.xcassets */ = {isa = PBXFileReference; lastKnownFileType = folder.assetcatalog; path = Assets.xcassets; sourceTree = "<group>"; };
		02BFC73F293FBB6800493A4A /* Base */ = {isa = PBXFileReference; lastKnownFileType = file.storyboard; name = Base; path = Base.lproj/LaunchScreen.storyboard; sourceTree = "<group>"; };
		02BFC741293FBB6800493A4A /* Info.plist */ = {isa = PBXFileReference; lastKnownFileType = text.plist.xml; path = Info.plist; sourceTree = "<group>"; };
		02BFC746293FBB6800493A4A /* Test Technique BahaTests.xctest */ = {isa = PBXFileReference; explicitFileType = wrapper.cfbundle; includeInIndex = 0; path = "Test Technique BahaTests.xctest"; sourceTree = BUILT_PRODUCTS_DIR; };
		02BFC74A293FBB6800493A4A /* Test_Technique_BahaTests.swift */ = {isa = PBXFileReference; lastKnownFileType = sourcecode.swift; path = Test_Technique_BahaTests.swift; sourceTree = "<group>"; };
		02BFC750293FBB6800493A4A /* Test Technique BahaUITests.xctest */ = {isa = PBXFileReference; explicitFileType = wrapper.cfbundle; includeInIndex = 0; path = "Test Technique BahaUITests.xctest"; sourceTree = BUILT_PRODUCTS_DIR; };
		02BFC754293FBB6800493A4A /* Test_Technique_BahaUITests.swift */ = {isa = PBXFileReference; lastKnownFileType = sourcecode.swift; path = Test_Technique_BahaUITests.swift; sourceTree = "<group>"; };
		02BFC756293FBB6800493A4A /* Test_Technique_BahaUITestsLaunchTests.swift */ = {isa = PBXFileReference; lastKnownFileType = sourcecode.swift; path = Test_Technique_BahaUITestsLaunchTests.swift; sourceTree = "<group>"; };
		02BFC769293FBE0600493A4A /* UIView+Extensions.swift */ = {isa = PBXFileReference; lastKnownFileType = sourcecode.swift; path = "UIView+Extensions.swift"; sourceTree = "<group>"; };
		02BFC76B293FBEB200493A4A /* Constants.swift */ = {isa = PBXFileReference; lastKnownFileType = sourcecode.swift; path = Constants.swift; sourceTree = "<group>"; };
		02BFC76D293FBEFA00493A4A /* JetBrainModel.swift */ = {isa = PBXFileReference; lastKnownFileType = sourcecode.swift; path = JetBrainModel.swift; sourceTree = "<group>"; };
		02BFC76F293FBF2700493A4A /* JetBrainService.swift */ = {isa = PBXFileReference; lastKnownFileType = sourcecode.swift; path = JetBrainService.swift; sourceTree = "<group>"; };
		02BFC771293FC2AF00493A4A /* JetBrainListCell.swift */ = {isa = PBXFileReference; lastKnownFileType = sourcecode.swift; path = JetBrainListCell.swift; sourceTree = "<group>"; };
		13B8483B680BD46F2512BBB8 /* Pods-Test Technique BahaTests.debug.xcconfig */ = {isa = PBXFileReference; includeInIndex = 1; lastKnownFileType = text.xcconfig; name = "Pods-Test Technique BahaTests.debug.xcconfig"; path = "Target Support Files/Pods-Test Technique BahaTests/Pods-Test Technique BahaTests.debug.xcconfig"; sourceTree = "<group>"; };
		32AB0739E23F6F541F2FB121 /* Pods-Test Technique Baha-Test Technique BahaUITests.debug.xcconfig */ = {isa = PBXFileReference; includeInIndex = 1; lastKnownFileType = text.xcconfig; name = "Pods-Test Technique Baha-Test Technique BahaUITests.debug.xcconfig"; path = "Target Support Files/Pods-Test Technique Baha-Test Technique BahaUITests/Pods-Test Technique Baha-Test Technique BahaUITests.debug.xcconfig"; sourceTree = "<group>"; };
		369F9CA99A387732F6E532B8 /* Pods_Test_Technique_Baha.framework */ = {isa = PBXFileReference; explicitFileType = wrapper.framework; includeInIndex = 0; path = Pods_Test_Technique_Baha.framework; sourceTree = BUILT_PRODUCTS_DIR; };
		514E9300C2E6FE6D135668FD /* Pods-Test Technique Baha.release.xcconfig */ = {isa = PBXFileReference; includeInIndex = 1; lastKnownFileType = text.xcconfig; name = "Pods-Test Technique Baha.release.xcconfig"; path = "Target Support Files/Pods-Test Technique Baha/Pods-Test Technique Baha.release.xcconfig"; sourceTree = "<group>"; };
		800D182DC027055DF521CBA2 /* Pods_Test_Technique_Baha_Test_Technique_BahaUITests.framework */ = {isa = PBXFileReference; explicitFileType = wrapper.framework; includeInIndex = 0; path = Pods_Test_Technique_Baha_Test_Technique_BahaUITests.framework; sourceTree = BUILT_PRODUCTS_DIR; };
		A845EC5C283E1795D34E8035 /* Pods-Test Technique BahaTests.release.xcconfig */ = {isa = PBXFileReference; includeInIndex = 1; lastKnownFileType = text.xcconfig; name = "Pods-Test Technique BahaTests.release.xcconfig"; path = "Target Support Files/Pods-Test Technique BahaTests/Pods-Test Technique BahaTests.release.xcconfig"; sourceTree = "<group>"; };
		C22C8BEBF070588C1321C8A7 /* Pods-Test Technique Baha-Test Technique BahaUITests.release.xcconfig */ = {isa = PBXFileReference; includeInIndex = 1; lastKnownFileType = text.xcconfig; name = "Pods-Test Technique Baha-Test Technique BahaUITests.release.xcconfig"; path = "Target Support Files/Pods-Test Technique Baha-Test Technique BahaUITests/Pods-Test Technique Baha-Test Technique BahaUITests.release.xcconfig"; sourceTree = "<group>"; };
		C2439CD1AB7BF0EC03D65508 /* Pods_Test_Technique_BahaTests.framework */ = {isa = PBXFileReference; explicitFileType = wrapper.framework; includeInIndex = 0; path = Pods_Test_Technique_BahaTests.framework; sourceTree = BUILT_PRODUCTS_DIR; };
		CA8EE0743C7504C7C58BA73F /* Pods-Test Technique Baha.debug.xcconfig */ = {isa = PBXFileReference; includeInIndex = 1; lastKnownFileType = text.xcconfig; name = "Pods-Test Technique Baha.debug.xcconfig"; path = "Target Support Files/Pods-Test Technique Baha/Pods-Test Technique Baha.debug.xcconfig"; sourceTree = "<group>"; };
/* End PBXFileReference section */

/* Begin PBXFrameworksBuildPhase section */
		02BFC72D293FBB6700493A4A /* Frameworks */ = {
			isa = PBXFrameworksBuildPhase;
			buildActionMask = 2147483647;
			files = (
				7C78E1B7C9FBCE79246A3959 /* Pods_Test_Technique_Baha.framework in Frameworks */,
			);
			runOnlyForDeploymentPostprocessing = 0;
		};
		02BFC743293FBB6800493A4A /* Frameworks */ = {
			isa = PBXFrameworksBuildPhase;
			buildActionMask = 2147483647;
			files = (
				2C062AB33D8E588FEC159322 /* Pods_Test_Technique_BahaTests.framework in Frameworks */,
			);
			runOnlyForDeploymentPostprocessing = 0;
		};
		02BFC74D293FBB6800493A4A /* Frameworks */ = {
			isa = PBXFrameworksBuildPhase;
			buildActionMask = 2147483647;
			files = (
				7F859C9733ADC799B0FC4ABB /* Pods_Test_Technique_Baha_Test_Technique_BahaUITests.framework in Frameworks */,
			);
			runOnlyForDeploymentPostprocessing = 0;
		};
/* End PBXFrameworksBuildPhase section */

/* Begin PBXGroup section */
		02BFC727293FBB6700493A4A = {
			isa = PBXGroup;
			children = (
				02BFC732293FBB6700493A4A /* Test Technique Baha */,
				02BFC749293FBB6800493A4A /* Test Technique BahaTests */,
				02BFC753293FBB6800493A4A /* Test Technique BahaUITests */,
				02BFC731293FBB6700493A4A /* Products */,
				31919741D41DA7413244DA3F /* Pods */,
				E7F62301AE8EA1E93ECFBDD7 /* Frameworks */,
			);
			sourceTree = "<group>";
		};
		02BFC731293FBB6700493A4A /* Products */ = {
			isa = PBXGroup;
			children = (
				02BFC730293FBB6700493A4A /* Test Technique Baha.app */,
				02BFC746293FBB6800493A4A /* Test Technique BahaTests.xctest */,
				02BFC750293FBB6800493A4A /* Test Technique BahaUITests.xctest */,
			);
			name = Products;
			sourceTree = "<group>";
		};
		02BFC732293FBB6700493A4A /* Test Technique Baha */ = {
			isa = PBXGroup;
			children = (
				02BFC766293FBD1900493A4A /* Utilities */,
				02BFC767293FBD2100493A4A /* Services */,
				02BFC765293FBCFA00493A4A /* Model */,
				02BFC764293FBCF300493A4A /* View */,
				02BFC763293FBCE900493A4A /* Controller */,
				02BFC733293FBB6700493A4A /* AppDelegate.swift */,
				02BFC735293FBB6700493A4A /* SceneDelegate.swift */,
				02BFC739293FBB6700493A4A /* Main.storyboard */,
				02BFC73C293FBB6800493A4A /* Assets.xcassets */,
				02BFC73E293FBB6800493A4A /* LaunchScreen.storyboard */,
				02BFC741293FBB6800493A4A /* Info.plist */,
			);
			path = "Test Technique Baha";
			sourceTree = "<group>";
		};
		02BFC749293FBB6800493A4A /* Test Technique BahaTests */ = {
			isa = PBXGroup;
			children = (
				02BFC74A293FBB6800493A4A /* Test_Technique_BahaTests.swift */,
			);
			path = "Test Technique BahaTests";
			sourceTree = "<group>";
		};
		02BFC753293FBB6800493A4A /* Test Technique BahaUITests */ = {
			isa = PBXGroup;
			children = (
				02BFC754293FBB6800493A4A /* Test_Technique_BahaUITests.swift */,
				02BFC756293FBB6800493A4A /* Test_Technique_BahaUITestsLaunchTests.swift */,
			);
			path = "Test Technique BahaUITests";
			sourceTree = "<group>";
		};
		02BFC763293FBCE900493A4A /* Controller */ = {
			isa = PBXGroup;
			children = (
				02BFC768293FBD6700493A4A /* MainViewController */,
			);
			path = Controller;
			sourceTree = "<group>";
		};
		02BFC764293FBCF300493A4A /* View */ = {
			isa = PBXGroup;
			children = (
				02BFC769293FBE0600493A4A /* UIView+Extensions.swift */,
			);
			path = View;
			sourceTree = "<group>";
		};
		02BFC765293FBCFA00493A4A /* Model */ = {
			isa = PBXGroup;
			children = (
				02BFC76D293FBEFA00493A4A /* JetBrainModel.swift */,
			);
			path = Model;
			sourceTree = "<group>";
		};
		02BFC766293FBD1900493A4A /* Utilities */ = {
			isa = PBXGroup;
			children = (
				02BFC76B293FBEB200493A4A /* Constants.swift */,
			);
			path = Utilities;
			sourceTree = "<group>";
		};
		02BFC767293FBD2100493A4A /* Services */ = {
			isa = PBXGroup;
			children = (
				02BFC76F293FBF2700493A4A /* JetBrainService.swift */,
			);
			path = Services;
			sourceTree = "<group>";
		};
		02BFC768293FBD6700493A4A /* MainViewController */ = {
			isa = PBXGroup;
			children = (
				02BFC737293FBB6700493A4A /* MainViewController.swift */,
				02BFC771293FC2AF00493A4A /* JetBrainListCell.swift */,
			);
			path = MainViewController;
			sourceTree = "<group>";
		};
		31919741D41DA7413244DA3F /* Pods */ = {
			isa = PBXGroup;
			children = (
				CA8EE0743C7504C7C58BA73F /* Pods-Test Technique Baha.debug.xcconfig */,
				514E9300C2E6FE6D135668FD /* Pods-Test Technique Baha.release.xcconfig */,
				32AB0739E23F6F541F2FB121 /* Pods-Test Technique Baha-Test Technique BahaUITests.debug.xcconfig */,
				C22C8BEBF070588C1321C8A7 /* Pods-Test Technique Baha-Test Technique BahaUITests.release.xcconfig */,
				13B8483B680BD46F2512BBB8 /* Pods-Test Technique BahaTests.debug.xcconfig */,
				A845EC5C283E1795D34E8035 /* Pods-Test Technique BahaTests.release.xcconfig */,
			);
			path = Pods;
			sourceTree = "<group>";
		};
		E7F62301AE8EA1E93ECFBDD7 /* Frameworks */ = {
			isa = PBXGroup;
			children = (
				369F9CA99A387732F6E532B8 /* Pods_Test_Technique_Baha.framework */,
				800D182DC027055DF521CBA2 /* Pods_Test_Technique_Baha_Test_Technique_BahaUITests.framework */,
				C2439CD1AB7BF0EC03D65508 /* Pods_Test_Technique_BahaTests.framework */,
			);
			name = Frameworks;
			sourceTree = "<group>";
		};
/* End PBXGroup section */

/* Begin PBXNativeTarget section */
		02BFC72F293FBB6700493A4A /* Test Technique Baha */ = {
			isa = PBXNativeTarget;
			buildConfigurationList = 02BFC75A293FBB6800493A4A /* Build configuration list for PBXNativeTarget "Test Technique Baha" */;
			buildPhases = (
				DDE07FEE832AFAE84F223D0B /* [CP] Check Pods Manifest.lock */,
				02BFC72C293FBB6700493A4A /* Sources */,
				02BFC72D293FBB6700493A4A /* Frameworks */,
				02BFC72E293FBB6700493A4A /* Resources */,
				2A500E38A127D6DF9CA6A7DB /* [CP] Embed Pods Frameworks */,
			);
			buildRules = (
			);
			dependencies = (
			);
			name = "Test Technique Baha";
			productName = "Test Technique Baha";
			productReference = 02BFC730293FBB6700493A4A /* Test Technique Baha.app */;
			productType = "com.apple.product-type.application";
		};
		02BFC745293FBB6800493A4A /* Test Technique BahaTests */ = {
			isa = PBXNativeTarget;
			buildConfigurationList = 02BFC75D293FBB6800493A4A /* Build configuration list for PBXNativeTarget "Test Technique BahaTests" */;
			buildPhases = (
				9E1E293AA9DF0CD3D50D25BB /* [CP] Check Pods Manifest.lock */,
				02BFC742293FBB6800493A4A /* Sources */,
				02BFC743293FBB6800493A4A /* Frameworks */,
				02BFC744293FBB6800493A4A /* Resources */,
			);
			buildRules = (
			);
			dependencies = (
				02BFC748293FBB6800493A4A /* PBXTargetDependency */,
			);
			name = "Test Technique BahaTests";
			productName = "Test Technique BahaTests";
			productReference = 02BFC746293FBB6800493A4A /* Test Technique BahaTests.xctest */;
			productType = "com.apple.product-type.bundle.unit-test";
		};
		02BFC74F293FBB6800493A4A /* Test Technique BahaUITests */ = {
			isa = PBXNativeTarget;
			buildConfigurationList = 02BFC760293FBB6800493A4A /* Build configuration list for PBXNativeTarget "Test Technique BahaUITests" */;
			buildPhases = (
				C79A37E2B2395AA7D14C53A7 /* [CP] Check Pods Manifest.lock */,
				02BFC74C293FBB6800493A4A /* Sources */,
				02BFC74D293FBB6800493A4A /* Frameworks */,
				02BFC74E293FBB6800493A4A /* Resources */,
				FA96077CCBDA7CD24921D80F /* [CP] Embed Pods Frameworks */,
			);
			buildRules = (
			);
			dependencies = (
				02BFC752293FBB6800493A4A /* PBXTargetDependency */,
			);
			name = "Test Technique BahaUITests";
			productName = "Test Technique BahaUITests";
			productReference = 02BFC750293FBB6800493A4A /* Test Technique BahaUITests.xctest */;
			productType = "com.apple.product-type.bundle.ui-testing";
		};
/* End PBXNativeTarget section */

/* Begin PBXProject section */
		02BFC728293FBB6700493A4A /* Project object */ = {
			isa = PBXProject;
			attributes = {
				BuildIndependentTargetsInParallel = 1;
				LastSwiftUpdateCheck = 1410;
				LastUpgradeCheck = 1410;
				TargetAttributes = {
					02BFC72F293FBB6700493A4A = {
						CreatedOnToolsVersion = 14.1;
					};
					02BFC745293FBB6800493A4A = {
						CreatedOnToolsVersion = 14.1;
						TestTargetID = 02BFC72F293FBB6700493A4A;
					};
					02BFC74F293FBB6800493A4A = {
						CreatedOnToolsVersion = 14.1;
						TestTargetID = 02BFC72F293FBB6700493A4A;
					};
				};
			};
			buildConfigurationList = 02BFC72B293FBB6700493A4A /* Build configuration list for PBXProject "Test Technique Baha" */;
			compatibilityVersion = "Xcode 14.0";
			developmentRegion = en;
			hasScannedForEncodings = 0;
			knownRegions = (
				en,
				Base,
			);
			mainGroup = 02BFC727293FBB6700493A4A;
			productRefGroup = 02BFC731293FBB6700493A4A /* Products */;
			projectDirPath = "";
			projectRoot = "";
			targets = (
				02BFC72F293FBB6700493A4A /* Test Technique Baha */,
				02BFC745293FBB6800493A4A /* Test Technique BahaTests */,
				02BFC74F293FBB6800493A4A /* Test Technique BahaUITests */,
			);
		};
/* End PBXProject section */

/* Begin PBXResourcesBuildPhase section */
		02BFC72E293FBB6700493A4A /* Resources */ = {
			isa = PBXResourcesBuildPhase;
			buildActionMask = 2147483647;
			files = (
				02BFC740293FBB6800493A4A /* LaunchScreen.storyboard in Resources */,
				02BFC73D293FBB6800493A4A /* Assets.xcassets in Resources */,
				02BFC73B293FBB6700493A4A /* Main.storyboard in Resources */,
			);
			runOnlyForDeploymentPostprocessing = 0;
		};
		02BFC744293FBB6800493A4A /* Resources */ = {
			isa = PBXResourcesBuildPhase;
			buildActionMask = 2147483647;
			files = (
			);
			runOnlyForDeploymentPostprocessing = 0;
		};
		02BFC74E293FBB6800493A4A /* Resources */ = {
			isa = PBXResourcesBuildPhase;
			buildActionMask = 2147483647;
			files = (
			);
			runOnlyForDeploymentPostprocessing = 0;
		};
/* End PBXResourcesBuildPhase section */

/* Begin PBXShellScriptBuildPhase section */
		2A500E38A127D6DF9CA6A7DB /* [CP] Embed Pods Frameworks */ = {
			isa = PBXShellScriptBuildPhase;
			buildActionMask = 2147483647;
			files = (
			);
			inputFileListPaths = (
				"${PODS_ROOT}/Target Support Files/Pods-Test Technique Baha/Pods-Test Technique Baha-frameworks-${CONFIGURATION}-input-files.xcfilelist",
			);
			name = "[CP] Embed Pods Frameworks";
			outputFileListPaths = (
				"${PODS_ROOT}/Target Support Files/Pods-Test Technique Baha/Pods-Test Technique Baha-frameworks-${CONFIGURATION}-output-files.xcfilelist",
			);
			runOnlyForDeploymentPostprocessing = 0;
			shellPath = /bin/sh;
			shellScript = "\"${PODS_ROOT}/Target Support Files/Pods-Test Technique Baha/Pods-Test Technique Baha-frameworks.sh\"\n";
			showEnvVarsInLog = 0;
		};
		9E1E293AA9DF0CD3D50D25BB /* [CP] Check Pods Manifest.lock */ = {
			isa = PBXShellScriptBuildPhase;
			buildActionMask = 2147483647;
			files = (
			);
			inputFileListPaths = (
			);
			inputPaths = (
				"${PODS_PODFILE_DIR_PATH}/Podfile.lock",
				"${PODS_ROOT}/Manifest.lock",
			);
			name = "[CP] Check Pods Manifest.lock";
			outputFileListPaths = (
			);
			outputPaths = (
				"$(DERIVED_FILE_DIR)/Pods-Test Technique BahaTests-checkManifestLockResult.txt",
			);
			runOnlyForDeploymentPostprocessing = 0;
			shellPath = /bin/sh;
			shellScript = "diff \"${PODS_PODFILE_DIR_PATH}/Podfile.lock\" \"${PODS_ROOT}/Manifest.lock\" > /dev/null\nif [ $? != 0 ] ; then\n    # print error to STDERR\n    echo \"error: The sandbox is not in sync with the Podfile.lock. Run 'pod install' or update your CocoaPods installation.\" >&2\n    exit 1\nfi\n# This output is used by Xcode 'outputs' to avoid re-running this script phase.\necho \"SUCCESS\" > \"${SCRIPT_OUTPUT_FILE_0}\"\n";
			showEnvVarsInLog = 0;
		};
		C79A37E2B2395AA7D14C53A7 /* [CP] Check Pods Manifest.lock */ = {
			isa = PBXShellScriptBuildPhase;
			buildActionMask = 2147483647;
			files = (
			);
			inputFileListPaths = (
			);
			inputPaths = (
				"${PODS_PODFILE_DIR_PATH}/Podfile.lock",
				"${PODS_ROOT}/Manifest.lock",
			);
			name = "[CP] Check Pods Manifest.lock";
			outputFileListPaths = (
			);
			outputPaths = (
				"$(DERIVED_FILE_DIR)/Pods-Test Technique Baha-Test Technique BahaUITests-checkManifestLockResult.txt",
			);
			runOnlyForDeploymentPostprocessing = 0;
			shellPath = /bin/sh;
			shellScript = "diff \"${PODS_PODFILE_DIR_PATH}/Podfile.lock\" \"${PODS_ROOT}/Manifest.lock\" > /dev/null\nif [ $? != 0 ] ; then\n    # print error to STDERR\n    echo \"error: The sandbox is not in sync with the Podfile.lock. Run 'pod install' or update your CocoaPods installation.\" >&2\n    exit 1\nfi\n# This output is used by Xcode 'outputs' to avoid re-running this script phase.\necho \"SUCCESS\" > \"${SCRIPT_OUTPUT_FILE_0}\"\n";
			showEnvVarsInLog = 0;
		};
		DDE07FEE832AFAE84F223D0B /* [CP] Check Pods Manifest.lock */ = {
			isa = PBXShellScriptBuildPhase;
			buildActionMask = 2147483647;
			files = (
			);
			inputFileListPaths = (
			);
			inputPaths = (
				"${PODS_PODFILE_DIR_PATH}/Podfile.lock",
				"${PODS_ROOT}/Manifest.lock",
			);
			name = "[CP] Check Pods Manifest.lock";
			outputFileListPaths = (
			);
			outputPaths = (
				"$(DERIVED_FILE_DIR)/Pods-Test Technique Baha-checkManifestLockResult.txt",
			);
			runOnlyForDeploymentPostprocessing = 0;
			shellPath = /bin/sh;
			shellScript = "diff \"${PODS_PODFILE_DIR_PATH}/Podfile.lock\" \"${PODS_ROOT}/Manifest.lock\" > /dev/null\nif [ $? != 0 ] ; then\n    # print error to STDERR\n    echo \"error: The sandbox is not in sync with the Podfile.lock. Run 'pod install' or update your CocoaPods installation.\" >&2\n    exit 1\nfi\n# This output is used by Xcode 'outputs' to avoid re-running this script phase.\necho \"SUCCESS\" > \"${SCRIPT_OUTPUT_FILE_0}\"\n";
			showEnvVarsInLog = 0;
		};
		FA96077CCBDA7CD24921D80F /* [CP] Embed Pods Frameworks */ = {
			isa = PBXShellScriptBuildPhase;
			buildActionMask = 2147483647;
			files = (
			);
			inputFileListPaths = (
				"${PODS_ROOT}/Target Support Files/Pods-Test Technique Baha-Test Technique BahaUITests/Pods-Test Technique Baha-Test Technique BahaUITests-frameworks-${CONFIGURATION}-input-files.xcfilelist",
			);
			name = "[CP] Embed Pods Frameworks";
			outputFileListPaths = (
				"${PODS_ROOT}/Target Support Files/Pods-Test Technique Baha-Test Technique BahaUITests/Pods-Test Technique Baha-Test Technique BahaUITests-frameworks-${CONFIGURATION}-output-files.xcfilelist",
			);
			runOnlyForDeploymentPostprocessing = 0;
			shellPath = /bin/sh;
			shellScript = "\"${PODS_ROOT}/Target Support Files/Pods-Test Technique Baha-Test Technique BahaUITests/Pods-Test Technique Baha-Test Technique BahaUITests-frameworks.sh\"\n";
			showEnvVarsInLog = 0;
		};
/* End PBXShellScriptBuildPhase section */

/* Begin PBXSourcesBuildPhase section */
		02BFC72C293FBB6700493A4A /* Sources */ = {
			isa = PBXSourcesBuildPhase;
			buildActionMask = 2147483647;
			files = (
				02BFC770293FBF2700493A4A /* JetBrainService.swift in Sources */,
				02BFC76E293FBEFA00493A4A /* JetBrainModel.swift in Sources */,
				02BFC76C293FBEB200493A4A /* Constants.swift in Sources */,
				02BFC738293FBB6700493A4A /* MainViewController.swift in Sources */,
				02BFC772293FC2AF00493A4A /* JetBrainListCell.swift in Sources */,
				02BFC734293FBB6700493A4A /* AppDelegate.swift in Sources */,
				02BFC76A293FBE0600493A4A /* UIView+Extensions.swift in Sources */,
				02BFC736293FBB6700493A4A /* SceneDelegate.swift in Sources */,
			);
			runOnlyForDeploymentPostprocessing = 0;
		};
		02BFC742293FBB6800493A4A /* Sources */ = {
			isa = PBXSourcesBuildPhase;
			buildActionMask = 2147483647;
			files = (
				02BFC74B293FBB6800493A4A /* Test_Technique_BahaTests.swift in Sources */,
			);
			runOnlyForDeploymentPostprocessing = 0;
		};
		02BFC74C293FBB6800493A4A /* Sources */ = {
			isa = PBXSourcesBuildPhase;
			buildActionMask = 2147483647;
			files = (
				02BFC755293FBB6800493A4A /* Test_Technique_BahaUITests.swift in Sources */,
				02BFC757293FBB6800493A4A /* Test_Technique_BahaUITestsLaunchTests.swift in Sources */,
			);
			runOnlyForDeploymentPostprocessing = 0;
		};
/* End PBXSourcesBuildPhase section */

/* Begin PBXTargetDependency section */
		02BFC748293FBB6800493A4A /* PBXTargetDependency */ = {
			isa = PBXTargetDependency;
			target = 02BFC72F293FBB6700493A4A /* Test Technique Baha */;
			targetProxy = 02BFC747293FBB6800493A4A /* PBXContainerItemProxy */;
		};
		02BFC752293FBB6800493A4A /* PBXTargetDependency */ = {
			isa = PBXTargetDependency;
			target = 02BFC72F293FBB6700493A4A /* Test Technique Baha */;
			targetProxy = 02BFC751293FBB6800493A4A /* PBXContainerItemProxy */;
		};
/* End PBXTargetDependency section */

/* Begin PBXVariantGroup section */
		02BFC739293FBB6700493A4A /* Main.storyboard */ = {
			isa = PBXVariantGroup;
			children = (
				02BFC73A293FBB6700493A4A /* Base */,
			);
			name = Main.storyboard;
			sourceTree = "<group>";
		};
		02BFC73E293FBB6800493A4A /* LaunchScreen.storyboard */ = {
			isa = PBXVariantGroup;
			children = (
				02BFC73F293FBB6800493A4A /* Base */,
			);
			name = LaunchScreen.storyboard;
			sourceTree = "<group>";
		};
/* End PBXVariantGroup section */

/* Begin XCBuildConfiguration section */
		02BFC758293FBB6800493A4A /* Debug */ = {
			isa = XCBuildConfiguration;
			buildSettings = {
				ALWAYS_SEARCH_USER_PATHS = NO;
				CLANG_ANALYZER_NONNULL = YES;
				CLANG_ANALYZER_NUMBER_OBJECT_CONVERSION = YES_AGGRESSIVE;
				CLANG_CXX_LANGUAGE_STANDARD = "gnu++20";
				CLANG_ENABLE_MODULES = YES;
				CLANG_ENABLE_OBJC_ARC = YES;
				CLANG_ENABLE_OBJC_WEAK = YES;
				CLANG_WARN_BLOCK_CAPTURE_AUTORELEASING = YES;
				CLANG_WARN_BOOL_CONVERSION = YES;
				CLANG_WARN_COMMA = YES;
				CLANG_WARN_CONSTANT_CONVERSION = YES;
				CLANG_WARN_DEPRECATED_OBJC_IMPLEMENTATIONS = YES;
				CLANG_WARN_DIRECT_OBJC_ISA_USAGE = YES_ERROR;
				CLANG_WARN_DOCUMENTATION_COMMENTS = YES;
				CLANG_WARN_EMPTY_BODY = YES;
				CLANG_WARN_ENUM_CONVERSION = YES;
				CLANG_WARN_INFINITE_RECURSION = YES;
				CLANG_WARN_INT_CONVERSION = YES;
				CLANG_WARN_NON_LITERAL_NULL_CONVERSION = YES;
				CLANG_WARN_OBJC_IMPLICIT_RETAIN_SELF = YES;
				CLANG_WARN_OBJC_LITERAL_CONVERSION = YES;
				CLANG_WARN_OBJC_ROOT_CLASS = YES_ERROR;
				CLANG_WARN_QUOTED_INCLUDE_IN_FRAMEWORK_HEADER = YES;
				CLANG_WARN_RANGE_LOOP_ANALYSIS = YES;
				CLANG_WARN_STRICT_PROTOTYPES = YES;
				CLANG_WARN_SUSPICIOUS_MOVE = YES;
				CLANG_WARN_UNGUARDED_AVAILABILITY = YES_AGGRESSIVE;
				CLANG_WARN_UNREACHABLE_CODE = YES;
				CLANG_WARN__DUPLICATE_METHOD_MATCH = YES;
				COPY_PHASE_STRIP = NO;
				DEBUG_INFORMATION_FORMAT = dwarf;
				ENABLE_STRICT_OBJC_MSGSEND = YES;
				ENABLE_TESTABILITY = YES;
				GCC_C_LANGUAGE_STANDARD = gnu11;
				GCC_DYNAMIC_NO_PIC = NO;
				GCC_NO_COMMON_BLOCKS = YES;
				GCC_OPTIMIZATION_LEVEL = 0;
				GCC_PREPROCESSOR_DEFINITIONS = (
					"DEBUG=1",
					"$(inherited)",
				);
				GCC_WARN_64_TO_32_BIT_CONVERSION = YES;
				GCC_WARN_ABOUT_RETURN_TYPE = YES_ERROR;
				GCC_WARN_UNDECLARED_SELECTOR = YES;
				GCC_WARN_UNINITIALIZED_AUTOS = YES_AGGRESSIVE;
				GCC_WARN_UNUSED_FUNCTION = YES;
				GCC_WARN_UNUSED_VARIABLE = YES;
				IPHONEOS_DEPLOYMENT_TARGET = 16.1;
				MTL_ENABLE_DEBUG_INFO = INCLUDE_SOURCE;
				MTL_FAST_MATH = YES;
				ONLY_ACTIVE_ARCH = YES;
				SDKROOT = iphoneos;
				SWIFT_ACTIVE_COMPILATION_CONDITIONS = DEBUG;
				SWIFT_OPTIMIZATION_LEVEL = "-Onone";
			};
			name = Debug;
		};
		02BFC759293FBB6800493A4A /* Release */ = {
			isa = XCBuildConfiguration;
			buildSettings = {
				ALWAYS_SEARCH_USER_PATHS = NO;
				CLANG_ANALYZER_NONNULL = YES;
				CLANG_ANALYZER_NUMBER_OBJECT_CONVERSION = YES_AGGRESSIVE;
				CLANG_CXX_LANGUAGE_STANDARD = "gnu++20";
				CLANG_ENABLE_MODULES = YES;
				CLANG_ENABLE_OBJC_ARC = YES;
				CLANG_ENABLE_OBJC_WEAK = YES;
				CLANG_WARN_BLOCK_CAPTURE_AUTORELEASING = YES;
				CLANG_WARN_BOOL_CONVERSION = YES;
				CLANG_WARN_COMMA = YES;
				CLANG_WARN_CONSTANT_CONVERSION = YES;
				CLANG_WARN_DEPRECATED_OBJC_IMPLEMENTATIONS = YES;
				CLANG_WARN_DIRECT_OBJC_ISA_USAGE = YES_ERROR;
				CLANG_WARN_DOCUMENTATION_COMMENTS = YES;
				CLANG_WARN_EMPTY_BODY = YES;
				CLANG_WARN_ENUM_CONVERSION = YES;
				CLANG_WARN_INFINITE_RECURSION = YES;
				CLANG_WARN_INT_CONVERSION = YES;
				CLANG_WARN_NON_LITERAL_NULL_CONVERSION = YES;
				CLANG_WARN_OBJC_IMPLICIT_RETAIN_SELF = YES;
				CLANG_WARN_OBJC_LITERAL_CONVERSION = YES;
				CLANG_WARN_OBJC_ROOT_CLASS = YES_ERROR;
				CLANG_WARN_QUOTED_INCLUDE_IN_FRAMEWORK_HEADER = YES;
				CLANG_WARN_RANGE_LOOP_ANALYSIS = YES;
				CLANG_WARN_STRICT_PROTOTYPES = YES;
				CLANG_WARN_SUSPICIOUS_MOVE = YES;
				CLANG_WARN_UNGUARDED_AVAILABILITY = YES_AGGRESSIVE;
				CLANG_WARN_UNREACHABLE_CODE = YES;
				CLANG_WARN__DUPLICATE_METHOD_MATCH = YES;
				COPY_PHASE_STRIP = NO;
				DEBUG_INFORMATION_FORMAT = "dwarf-with-dsym";
				ENABLE_NS_ASSERTIONS = NO;
				ENABLE_STRICT_OBJC_MSGSEND = YES;
				GCC_C_LANGUAGE_STANDARD = gnu11;
				GCC_NO_COMMON_BLOCKS = YES;
				GCC_WARN_64_TO_32_BIT_CONVERSION = YES;
				GCC_WARN_ABOUT_RETURN_TYPE = YES_ERROR;
				GCC_WARN_UNDECLARED_SELECTOR = YES;
				GCC_WARN_UNINITIALIZED_AUTOS = YES_AGGRESSIVE;
				GCC_WARN_UNUSED_FUNCTION = YES;
				GCC_WARN_UNUSED_VARIABLE = YES;
				IPHONEOS_DEPLOYMENT_TARGET = 16.1;
				MTL_ENABLE_DEBUG_INFO = NO;
				MTL_FAST_MATH = YES;
				SDKROOT = iphoneos;
				SWIFT_COMPILATION_MODE = wholemodule;
				SWIFT_OPTIMIZATION_LEVEL = "-O";
				VALIDATE_PRODUCT = YES;
			};
			name = Release;
		};
		02BFC75B293FBB6800493A4A /* Debug */ = {
			isa = XCBuildConfiguration;
			baseConfigurationReference = CA8EE0743C7504C7C58BA73F /* Pods-Test Technique Baha.debug.xcconfig */;
			buildSettings = {
				ASSETCATALOG_COMPILER_APPICON_NAME = AppIcon;
				ASSETCATALOG_COMPILER_GLOBAL_ACCENT_COLOR_NAME = AccentColor;
				CODE_SIGN_STYLE = Automatic;
				CURRENT_PROJECT_VERSION = 1;
				DEVELOPMENT_TEAM = 585T897JJ8;
				GENERATE_INFOPLIST_FILE = YES;
				INFOPLIST_FILE = "Test Technique Baha/Info.plist";
				INFOPLIST_KEY_UIApplicationSupportsIndirectInputEvents = YES;
				INFOPLIST_KEY_UILaunchStoryboardName = LaunchScreen;
				INFOPLIST_KEY_UIMainStoryboardFile = Main;
				INFOPLIST_KEY_UISupportedInterfaceOrientations_iPad = "UIInterfaceOrientationPortrait UIInterfaceOrientationPortraitUpsideDown UIInterfaceOrientationLandscapeLeft UIInterfaceOrientationLandscapeRight";
				INFOPLIST_KEY_UISupportedInterfaceOrientations_iPhone = "UIInterfaceOrientationPortrait UIInterfaceOrientationLandscapeLeft UIInterfaceOrientationLandscapeRight";
				LD_RUNPATH_SEARCH_PATHS = (
					"$(inherited)",
					"@executable_path/Frameworks",
				);
				MARKETING_VERSION = 1.0;
				PRODUCT_BUNDLE_IDENTIFIER = "com.baha.Test-Technique-Baha";
				PRODUCT_NAME = "$(TARGET_NAME)";
				SWIFT_EMIT_LOC_STRINGS = YES;
				SWIFT_VERSION = 5.0;
				TARGETED_DEVICE_FAMILY = "1,2";
			};
			name = Debug;
		};
		02BFC75C293FBB6800493A4A /* Release */ = {
			isa = XCBuildConfiguration;
			baseConfigurationReference = 514E9300C2E6FE6D135668FD /* Pods-Test Technique Baha.release.xcconfig */;
			buildSettings = {
				ASSETCATALOG_COMPILER_APPICON_NAME = AppIcon;
				ASSETCATALOG_COMPILER_GLOBAL_ACCENT_COLOR_NAME = AccentColor;
				CODE_SIGN_STYLE = Automatic;
				CURRENT_PROJECT_VERSION = 1;
				DEVELOPMENT_TEAM = 585T897JJ8;
				GENERATE_INFOPLIST_FILE = YES;
				INFOPLIST_FILE = "Test Technique Baha/Info.plist";
				INFOPLIST_KEY_UIApplicationSupportsIndirectInputEvents = YES;
				INFOPLIST_KEY_UILaunchStoryboardName = LaunchScreen;
				INFOPLIST_KEY_UIMainStoryboardFile = Main;
				INFOPLIST_KEY_UISupportedInterfaceOrientations_iPad = "UIInterfaceOrientationPortrait UIInterfaceOrientationPortraitUpsideDown UIInterfaceOrientationLandscapeLeft UIInterfaceOrientationLandscapeRight";
				INFOPLIST_KEY_UISupportedInterfaceOrientations_iPhone = "UIInterfaceOrientationPortrait UIInterfaceOrientationLandscapeLeft UIInterfaceOrientationLandscapeRight";
				LD_RUNPATH_SEARCH_PATHS = (
					"$(inherited)",
					"@executable_path/Frameworks",
				);
				MARKETING_VERSION = 1.0;
				PRODUCT_BUNDLE_IDENTIFIER = "com.baha.Test-Technique-Baha";
				PRODUCT_NAME = "$(TARGET_NAME)";
				SWIFT_EMIT_LOC_STRINGS = YES;
				SWIFT_VERSION = 5.0;
				TARGETED_DEVICE_FAMILY = "1,2";
			};
			name = Release;
		};
		02BFC75E293FBB6800493A4A /* Debug */ = {
			isa = XCBuildConfiguration;
			baseConfigurationReference = 13B8483B680BD46F2512BBB8 /* Pods-Test Technique BahaTests.debug.xcconfig */;
			buildSettings = {
				ALWAYS_EMBED_SWIFT_STANDARD_LIBRARIES = YES;
				BUNDLE_LOADER = "$(TEST_HOST)";
				CODE_SIGN_STYLE = Automatic;
				CURRENT_PROJECT_VERSION = 1;
				DEVELOPMENT_TEAM = 585T897JJ8;
				GENERATE_INFOPLIST_FILE = YES;
				IPHONEOS_DEPLOYMENT_TARGET = 16.1;
				MARKETING_VERSION = 1.0;
				PRODUCT_BUNDLE_IDENTIFIER = "com.baha.Test-Technique-BahaTests";
				PRODUCT_NAME = "$(TARGET_NAME)";
				SWIFT_EMIT_LOC_STRINGS = NO;
				SWIFT_VERSION = 5.0;
				TARGETED_DEVICE_FAMILY = "1,2";
				TEST_HOST = "$(BUILT_PRODUCTS_DIR)/Test Technique Baha.app/$(BUNDLE_EXECUTABLE_FOLDER_PATH)/Test Technique Baha";
			};
			name = Debug;
		};
		02BFC75F293FBB6800493A4A /* Release */ = {
			isa = XCBuildConfiguration;
			baseConfigurationReference = A845EC5C283E1795D34E8035 /* Pods-Test Technique BahaTests.release.xcconfig */;
			buildSettings = {
				ALWAYS_EMBED_SWIFT_STANDARD_LIBRARIES = YES;
				BUNDLE_LOADER = "$(TEST_HOST)";
				CODE_SIGN_STYLE = Automatic;
				CURRENT_PROJECT_VERSION = 1;
				DEVELOPMENT_TEAM = 585T897JJ8;
				GENERATE_INFOPLIST_FILE = YES;
				IPHONEOS_DEPLOYMENT_TARGET = 16.1;
				MARKETING_VERSION = 1.0;
				PRODUCT_BUNDLE_IDENTIFIER = "com.baha.Test-Technique-BahaTests";
				PRODUCT_NAME = "$(TARGET_NAME)";
				SWIFT_EMIT_LOC_STRINGS = NO;
				SWIFT_VERSION = 5.0;
				TARGETED_DEVICE_FAMILY = "1,2";
				TEST_HOST = "$(BUILT_PRODUCTS_DIR)/Test Technique Baha.app/$(BUNDLE_EXECUTABLE_FOLDER_PATH)/Test Technique Baha";
			};
			name = Release;
		};
		02BFC761293FBB6800493A4A /* Debug */ = {
			isa = XCBuildConfiguration;
			baseConfigurationReference = 32AB0739E23F6F541F2FB121 /* Pods-Test Technique Baha-Test Technique BahaUITests.debug.xcconfig */;
			buildSettings = {
				ALWAYS_EMBED_SWIFT_STANDARD_LIBRARIES = YES;
				CODE_SIGN_STYLE = Automatic;
				CURRENT_PROJECT_VERSION = 1;
				DEVELOPMENT_TEAM = 585T897JJ8;
				GENERATE_INFOPLIST_FILE = YES;
				MARKETING_VERSION = 1.0;
				PRODUCT_BUNDLE_IDENTIFIER = "com.baha.Test-Technique-BahaUITests";
				PRODUCT_NAME = "$(TARGET_NAME)";
				SWIFT_EMIT_LOC_STRINGS = NO;
				SWIFT_VERSION = 5.0;
				TARGETED_DEVICE_FAMILY = "1,2";
				TEST_TARGET_NAME = "Test Technique Baha";
			};
			name = Debug;
		};
		02BFC762293FBB6800493A4A /* Release */ = {
			isa = XCBuildConfiguration;
			baseConfigurationReference = C22C8BEBF070588C1321C8A7 /* Pods-Test Technique Baha-Test Technique BahaUITests.release.xcconfig */;
			buildSettings = {
				ALWAYS_EMBED_SWIFT_STANDARD_LIBRARIES = YES;
				CODE_SIGN_STYLE = Automatic;
				CURRENT_PROJECT_VERSION = 1;
				DEVELOPMENT_TEAM = 585T897JJ8;
				GENERATE_INFOPLIST_FILE = YES;
				MARKETING_VERSION = 1.0;
				PRODUCT_BUNDLE_IDENTIFIER = "com.baha.Test-Technique-BahaUITests";
				PRODUCT_NAME = "$(TARGET_NAME)";
				SWIFT_EMIT_LOC_STRINGS = NO;
				SWIFT_VERSION = 5.0;
				TARGETED_DEVICE_FAMILY = "1,2";
				TEST_TARGET_NAME = "Test Technique Baha";
			};
			name = Release;
		};
/* End XCBuildConfiguration section */

/* Begin XCConfigurationList section */
		02BFC72B293FBB6700493A4A /* Build configuration list for PBXProject "Test Technique Baha" */ = {
			isa = XCConfigurationList;
			buildConfigurations = (
				02BFC758293FBB6800493A4A /* Debug */,
				02BFC759293FBB6800493A4A /* Release */,
			);
			defaultConfigurationIsVisible = 0;
			defaultConfigurationName = Release;
		};
		02BFC75A293FBB6800493A4A /* Build configuration list for PBXNativeTarget "Test Technique Baha" */ = {
			isa = XCConfigurationList;
			buildConfigurations = (
				02BFC75B293FBB6800493A4A /* Debug */,
				02BFC75C293FBB6800493A4A /* Release */,
			);
			defaultConfigurationIsVisible = 0;
			defaultConfigurationName = Release;
		};
		02BFC75D293FBB6800493A4A /* Build configuration list for PBXNativeTarget "Test Technique BahaTests" */ = {
			isa = XCConfigurationList;
			buildConfigurations = (
				02BFC75E293FBB6800493A4A /* Debug */,
				02BFC75F293FBB6800493A4A /* Release */,
			);
			defaultConfigurationIsVisible = 0;
			defaultConfigurationName = Release;
		};
		02BFC760293FBB6800493A4A /* Build configuration list for PBXNativeTarget "Test Technique BahaUITests" */ = {
			isa = XCConfigurationList;
			buildConfigurations = (
				02BFC761293FBB6800493A4A /* Debug */,
				02BFC762293FBB6800493A4A /* Release */,
			);
			defaultConfigurationIsVisible = 0;
			defaultConfigurationName = Release;
		};
/* End XCConfigurationList section */
	};
	rootObject = 02BFC728293FBB6700493A4A /* Project object */;
}
